{
  "projects": [
    {
      "projectId": "caTPwKxj5ZrD9LQ7DMdK4Z",
      "version": "3.48.0",
      "dependencies": {},
      "lang": "ts",
      "fileLocks": [
        {
          "assetId": "caTPwKxj5ZrD9LQ7DMdK4Z",
          "type": "projectCss",
          "checksum": "a92f8a81c335659a69443e50fd02af8c"
        },
        {
          "assetId": "caTPwKxj5ZrD9LQ7DMdK4Z",
          "checksum": "5f8b503a54d81c7ee5a80fe9a5b1455f",
          "type": "projectModule"
        },
        {
          "assetId": "caTPwKxj5ZrD9LQ7DMdK4Z",
          "checksum": "a64de52d4813f05feeef174d99168c7a",
          "type": "styleTokensProvider"
        }
      ],
      "codegenVersion": "0.0.3"
    },
    {
      "projectId": "eYvaNejesYxSLtRjN5K9nx",
      "version": "latest",
      "dependencies": {
        "caTPwKxj5ZrD9LQ7DMdK4Z": "3.48.0"
      },
      "lang": "ts",
      "fileLocks": [
        {
          "assetId": "eYvaNejesYxSLtRjN5K9nx",
          "checksum": "0a9517d9f3e449d3332d05f3df918091",
          "type": "projectModule"
        },
        {
          "assetId": "eYvaNejesYxSLtRjN5K9nx",
          "checksum": "ef5de774d1d33833d53beee9beafdb04",
          "type": "styleTokensProvider"
        },
        {
          "type": "renderModule",
          "assetId": "GNYMyVRdEodH",
          "checksum": "7eaeeadd5ace544dd3e6b0279a21295b"
        },
        {
          "type": "cssRules",
          "assetId": "GNYMyVRdEodH",
          "checksum": "7eaeeadd5ace544dd3e6b0279a21295b"
        },
        {
          "type": "renderModule",
          "assetId": "0EqAY7N_hKvp",
          "checksum": "779e481d8eb124bd56f6ce177668d23e"
        },
        {
          "type": "cssRules",
          "assetId": "0EqAY7N_hKvp",
          "checksum": "779e481d8eb124bd56f6ce177668d23e"
        },
        {
          "type": "renderModule",
          "assetId": "frL5dzFW4O8B",
          "checksum": "428a9792f41398b6d0b083652bfe4670"
        },
        {
          "type": "cssRules",
          "assetId": "frL5dzFW4O8B",
          "checksum": "428a9792f41398b6d0b083652bfe4670"
        },
        {
          "type": "renderModule",
          "assetId": "VsiCr7M2wPrN",
          "checksum": "d1bbd051407519334885056792104078"
        },
        {
          "type": "cssRules",
          "assetId": "VsiCr7M2wPrN",
          "checksum": "d1bbd051407519334885056792104078"
        },
        {
          "type": "renderModule",
          "assetId": "cg1pLgCpk5ni",
          "checksum": "5f58c9589f39fd2ec4ceadca45ade69d"
        },
        {
          "type": "cssRules",
          "assetId": "cg1pLgCpk5ni",
          "checksum": "5f58c9589f39fd2ec4ceadca45ade69d"
        },
        {
          "type": "renderModule",
          "assetId": "rqOEDJBAlp73",
          "checksum": "7fc8eae6e01fb702dfb237cbb701c929"
        },
        {
          "type": "cssRules",
          "assetId": "rqOEDJBAlp73",
          "checksum": "7fc8eae6e01fb702dfb237cbb701c929"
        },
        {
          "type": "renderModule",
          "assetId": "e_CjOfTpYN9w",
          "checksum": "59e373f2e6abafe88944b2952ace9862"
        },
        {
          "type": "cssRules",
          "assetId": "e_CjOfTpYN9w",
          "checksum": "59e373f2e6abafe88944b2952ace9862"
        },
        {
          "type": "renderModule",
          "assetId": "pBcY5syl3PyE",
          "checksum": "c271521abe99c459692cea172acfc0de"
        },
        {
          "type": "cssRules",
          "assetId": "pBcY5syl3PyE",
          "checksum": "c271521abe99c459692cea172acfc0de"
        },
        {
          "type": "renderModule",
          "assetId": "Ko-IVH-QxvOI",
          "checksum": "e1137be5ec3614fc4635ae834e1456b8"
        },
        {
          "type": "cssRules",
          "assetId": "Ko-IVH-QxvOI",
          "checksum": "e1137be5ec3614fc4635ae834e1456b8"
        },
        {
          "type": "renderModule",
          "assetId": "8eynZFhAH0Aq",
          "checksum": "828c263a5b73929c8e1edfe0b835b0a1"
        },
        {
          "type": "cssRules",
          "assetId": "8eynZFhAH0Aq",
          "checksum": "828c263a5b73929c8e1edfe0b835b0a1"
        },
        {
          "type": "renderModule",
          "assetId": "y9_F5PWLjJqJ",
          "checksum": "f49e711f7619fff146c39fcad2d5a074"
        },
        {
          "type": "cssRules",
          "assetId": "y9_F5PWLjJqJ",
          "checksum": "f49e711f7619fff146c39fcad2d5a074"
        },
        {
          "type": "renderModule",
          "assetId": "qPbblmgw7riw",
          "checksum": "7280cd9b31acc9091329b8a36cacdc4e"
        },
        {
          "type": "cssRules",
          "assetId": "qPbblmgw7riw",
          "checksum": "7280cd9b31acc9091329b8a36cacdc4e"
        },
        {
          "type": "renderModule",
          "assetId": "6Wbz0W9IV8hw",
          "checksum": "a0f5337898a2da48f064e3db1cb0b8f4"
        },
        {
          "type": "cssRules",
          "assetId": "6Wbz0W9IV8hw",
          "checksum": "a0f5337898a2da48f064e3db1cb0b8f4"
        },
        {
          "type": "renderModule",
          "assetId": "Mq1CT8jHthBK",
          "checksum": "0b30f67e8afba535e68c4c85dd6af87e"
        },
        {
          "type": "cssRules",
          "assetId": "Mq1CT8jHthBK",
          "checksum": "0b30f67e8afba535e68c4c85dd6af87e"
        },
        {
          "type": "renderModule",
          "assetId": "p2VNFOt4dVWU",
          "checksum": "3d0b460cbe5ab006168439859da2ed63"
        },
        {
          "type": "cssRules",
          "assetId": "p2VNFOt4dVWU",
          "checksum": "3d0b460cbe5ab006168439859da2ed63"
        },
        {
          "type": "renderModule",
          "assetId": "w5pYTraZy-Pv",
          "checksum": "f859e2eeb2d3316288f5d20f89038409"
        },
        {
          "type": "cssRules",
          "assetId": "w5pYTraZy-Pv",
          "checksum": "f859e2eeb2d3316288f5d20f89038409"
        },
        {
          "type": "renderModule",
          "assetId": "kNyrBRkcnZGV",
          "checksum": "a105b2cc8b553137b96e75a2f14effd1"
        },
        {
          "type": "cssRules",
          "assetId": "kNyrBRkcnZGV",
          "checksum": "a105b2cc8b553137b96e75a2f14effd1"
        },
        {
          "type": "globalVariant",
          "assetId": "eVZ9AxMzpA6_",
          "checksum": "43dc00551a1bfee4e0c9fe3aebb40601"
        },
        {
          "type": "renderModule",
          "assetId": "gmI5Lbl29zyT",
          "checksum": "dd47df385e2c1e6cebc02c489c0ec2d6"
        },
        {
          "type": "cssRules",
          "assetId": "gmI5Lbl29zyT",
          "checksum": "dd47df385e2c1e6cebc02c489c0ec2d6"
        },
        {
          "type": "renderModule",
          "assetId": "HK7J01fsZKfq",
          "checksum": "049ed723249096f4fbaa47d8bf8cc74d"
        },
        {
          "type": "cssRules",
          "assetId": "HK7J01fsZKfq",
          "checksum": "049ed723249096f4fbaa47d8bf8cc74d"
        },
        {
          "assetId": "eYvaNejesYxSLtRjN5K9nx",
          "type": "projectCss",
          "checksum": "afbb41efaf3d3902db257e0a95d9427e"
        }
      ],
      "codegenVersion": "0.0.3"
    }
  ],
  "cliVersion": "0.1.361"
}
