{
  "projects": [
    {
      "projectId": "caTPwKxj5ZrD9LQ7DMdK4Z",
      "version": "3.48.0",
      "dependencies": {},
      "lang": "ts",
      "fileLocks": [
        {
          "assetId": "caTPwKxj5ZrD9LQ7DMdK4Z",
          "type": "projectCss",
          "checksum": "a92f8a81c335659a69443e50fd02af8c"
        },
        {
          "assetId": "caTPwKxj5ZrD9LQ7DMdK4Z",
          "checksum": "5f8b503a54d81c7ee5a80fe9a5b1455f",
          "type": "projectModule"
        },
        {
          "assetId": "caTPwKxj5ZrD9LQ7DMdK4Z",
          "checksum": "a64de52d4813f05feeef174d99168c7a",
          "type": "styleTokensProvider"
        }
      ],
      "codegenVersion": "0.0.3"
    },
    {
      "projectId": "eYvaNejesYxSLtRjN5K9nx",
      "version": "latest",
      "dependencies": {
        "caTPwKxj5ZrD9LQ7DMdK4Z": "3.48.0"
      },
      "lang": "ts",
      "fileLocks": [
        {
          "assetId": "eYvaNejesYxSLtRjN5K9nx",
          "checksum": "7437af31a98d8ccdbec87fc531bda44a",
          "type": "projectModule"
        },
        {
          "assetId": "eYvaNejesYxSLtRjN5K9nx",
          "checksum": "55fb87cfde8aaa74ac88eefa6222a38d",
          "type": "styleTokensProvider"
        },
        {
          "type": "renderModule",
          "assetId": "GNYMyVRdEodH",
          "checksum": "1b84e60603bb6c88c7de8d7ac011446e"
        },
        {
          "type": "cssRules",
          "assetId": "GNYMyVRdEodH",
          "checksum": "1b84e60603bb6c88c7de8d7ac011446e"
        },
        {
          "type": "renderModule",
          "assetId": "0EqAY7N_hKvp",
          "checksum": "644f607feebceafdaca4c2525acd4d63"
        },
        {
          "type": "cssRules",
          "assetId": "0EqAY7N_hKvp",
          "checksum": "644f607feebceafdaca4c2525acd4d63"
        },
        {
          "type": "renderModule",
          "assetId": "frL5dzFW4O8B",
          "checksum": "024afd084177367cc556dbd4a863c8b4"
        },
        {
          "type": "cssRules",
          "assetId": "frL5dzFW4O8B",
          "checksum": "024afd084177367cc556dbd4a863c8b4"
        },
        {
          "type": "renderModule",
          "assetId": "tHZZMy0_Dz78",
          "checksum": "65eaed6f34ce81ef6448797942f49d63"
        },
        {
          "type": "cssRules",
          "assetId": "tHZZMy0_Dz78",
          "checksum": "65eaed6f34ce81ef6448797942f49d63"
        },
        {
          "type": "renderModule",
          "assetId": "VsiCr7M2wPrN",
          "checksum": "c706adf55ea06436b77c68ffa74e44fa"
        },
        {
          "type": "cssRules",
          "assetId": "VsiCr7M2wPrN",
          "checksum": "c706adf55ea06436b77c68ffa74e44fa"
        },
        {
          "type": "renderModule",
          "assetId": "cg1pLgCpk5ni",
          "checksum": "d16e71a6109cb866f2140a073c7fd1ac"
        },
        {
          "type": "cssRules",
          "assetId": "cg1pLgCpk5ni",
          "checksum": "d16e71a6109cb866f2140a073c7fd1ac"
        },
        {
          "type": "renderModule",
          "assetId": "rqOEDJBAlp73",
          "checksum": "e6d3a862434890b287b672d28896a81f"
        },
        {
          "type": "cssRules",
          "assetId": "rqOEDJBAlp73",
          "checksum": "e6d3a862434890b287b672d28896a81f"
        },
        {
          "type": "renderModule",
          "assetId": "e_CjOfTpYN9w",
          "checksum": "9faebd365e217e23ad115ead41137153"
        },
        {
          "type": "cssRules",
          "assetId": "e_CjOfTpYN9w",
          "checksum": "9faebd365e217e23ad115ead41137153"
        },
        {
          "type": "renderModule",
          "assetId": "pBcY5syl3PyE",
          "checksum": "666e812add5d95df064fbc69f0a583a1"
        },
        {
          "type": "cssRules",
          "assetId": "pBcY5syl3PyE",
          "checksum": "666e812add5d95df064fbc69f0a583a1"
        },
        {
          "type": "renderModule",
          "assetId": "Ko-IVH-QxvOI",
          "checksum": "f9c5a2fb7289929a09e576c5a5202417"
        },
        {
          "type": "cssRules",
          "assetId": "Ko-IVH-QxvOI",
          "checksum": "f9c5a2fb7289929a09e576c5a5202417"
        },
        {
          "type": "renderModule",
          "assetId": "8eynZFhAH0Aq",
          "checksum": "38bafd579f2024ec820570d44b7cba93"
        },
        {
          "type": "cssRules",
          "assetId": "8eynZFhAH0Aq",
          "checksum": "38bafd579f2024ec820570d44b7cba93"
        },
        {
          "type": "renderModule",
          "assetId": "-rsQ3LdZ-Zjn",
          "checksum": "18e212d0a33820d514f11d2282b1ec0f"
        },
        {
          "type": "cssRules",
          "assetId": "-rsQ3LdZ-Zjn",
          "checksum": "18e212d0a33820d514f11d2282b1ec0f"
        },
        {
          "assetId": "eYvaNejesYxSLtRjN5K9nx",
          "type": "projectCss",
          "checksum": "812f5ff2478ea2e128d6ed5dd2118c1a"
        }
      ],
      "codegenVersion": "0.0.3"
    }
  ],
  "cliVersion": "0.1.361"
}
